
Microsoft Visual Studio Solution File, Format Version 12.00
# Visual Studio Version 16
VisualStudioVersion = 16.0.31911.196
MinimumVisualStudioVersion = 10.0.40219.1
Project("{FAE04EC0-301F-11D3-BF4B-00C04F79EFBC}") = "MethodsAndObjects", "MethodsAndObjects\MethodsAndObjects.csproj", "{EA1E4BE0-B0B0-4A85-8AB5-C26E5C71E6C3}"
EndProject
Global
	GlobalSection(SolutionConfigurationPlatforms) = preSolution
		Debug|Any CPU = Debug|Any CPU
		Release|Any CPU = Release|Any CPU
	EndGlobalSection
	GlobalSection(ProjectConfigurationPlatforms) = postSolution
		{EA1E4BE0-B0B0-4A85-8AB5-C26E5C71E6C3}.Debug|Any CPU.ActiveCfg = Debug|Any CPU
		{EA1E4BE0-B0B0-4A85-8AB5-C26E5C71E6C3}.Debug|Any CPU.Build.0 = Debug|Any CPU
		{EA1E4BE0-B0B0-4A85-8AB5-C26E5C71E6C3}.Release|Any CPU.ActiveCfg = Release|Any CPU
		{EA1E4BE0-B0B0-4A85-8AB5-C26E5C71E6C3}.Release|Any CPU.Build.0 = Release|Any CPU
	EndGlobalSection
	GlobalSection(SolutionProperties) = preSolution
		HideSolutionNode = FALSE
	EndGlobalSection
	GlobalSection(ExtensibilityGlobals) = postSolution
		SolutionGuid = {04440489-AE0C-42FE-BABB-146FEC157707}
	EndGlobalSection
EndGlobal
