
Microsoft Visual Studio Solution File, Format Version 12.00
# Visual Studio Version 16
VisualStudioVersion = 16.0.31911.196
MinimumVisualStudioVersion = 10.0.40219.1
Project("{FAE04EC0-301F-11D3-BF4B-00C04F79EFBC}") = "MethodOptionApp", "MethodOptionApp\MethodOptionApp.csproj", "{FAFCA439-A9A2-4E2A-8B82-446676675E4F}"
EndProject
Global
	GlobalSection(SolutionConfigurationPlatforms) = preSolution
		Debug|Any CPU = Debug|Any CPU
		Release|Any CPU = Release|Any CPU
	EndGlobalSection
	GlobalSection(ProjectConfigurationPlatforms) = postSolution
		{FAFCA439-A9A2-4E2A-8B82-446676675E4F}.Debug|Any CPU.ActiveCfg = Debug|Any CPU
		{FAFCA439-A9A2-4E2A-8B82-446676675E4F}.Debug|Any CPU.Build.0 = Debug|Any CPU
		{FAFCA439-A9A2-4E2A-8B82-446676675E4F}.Release|Any CPU.ActiveCfg = Release|Any CPU
		{FAFCA439-A9A2-4E2A-8B82-446676675E4F}.Release|Any CPU.Build.0 = Release|Any CPU
	EndGlobalSection
	GlobalSection(SolutionProperties) = preSolution
		HideSolutionNode = FALSE
	EndGlobalSection
	GlobalSection(ExtensibilityGlobals) = postSolution
		SolutionGuid = {41F754BD-DA47-44B7-9A44-F2976D2D714F}
	EndGlobalSection
EndGlobal
