
Microsoft Visual Studio Solution File, Format Version 12.00
# Visual Studio Version 16
VisualStudioVersion = 16.0.31911.196
MinimumVisualStudioVersion = 10.0.40219.1
Project("{FAE04EC0-301F-11D3-BF4B-00C04F79EFBC}") = "ParsingEnums2", "ParsingEnums2\ParsingEnums2.csproj", "{B72DCECD-B20B-4FBF-9DED-695032E438C9}"
EndProject
Global
	GlobalSection(SolutionConfigurationPlatforms) = preSolution
		Debug|Any CPU = Debug|Any CPU
		Release|Any CPU = Release|Any CPU
	EndGlobalSection
	GlobalSection(ProjectConfigurationPlatforms) = postSolution
		{B72DCECD-B20B-4FBF-9DED-695032E438C9}.Debug|Any CPU.ActiveCfg = Debug|Any CPU
		{B72DCECD-B20B-4FBF-9DED-695032E438C9}.Debug|Any CPU.Build.0 = Debug|Any CPU
		{B72DCECD-B20B-4FBF-9DED-695032E438C9}.Release|Any CPU.ActiveCfg = Release|Any CPU
		{B72DCECD-B20B-4FBF-9DED-695032E438C9}.Release|Any CPU.Build.0 = Release|Any CPU
	EndGlobalSection
	GlobalSection(SolutionProperties) = preSolution
		HideSolutionNode = FALSE
	EndGlobalSection
	GlobalSection(ExtensibilityGlobals) = postSolution
		SolutionGuid = {0D1E7EFB-3BCE-48A1-8971-8F7741634349}
	EndGlobalSection
EndGlobal
