
Microsoft Visual Studio Solution File, Format Version 12.00
# Visual Studio Version 16
VisualStudioVersion = 16.0.31911.196
MinimumVisualStudioVersion = 10.0.40219.1
Project("{FAE04EC0-301F-11D3-BF4B-00C04F79EFBC}") = "StringAssignment", "StringAssignment\StringAssignment.csproj", "{FEAD499F-4C1D-4539-9BA2-B2ABE8BAFB4E}"
EndProject
Global
	GlobalSection(SolutionConfigurationPlatforms) = preSolution
		Debug|Any CPU = Debug|Any CPU
		Release|Any CPU = Release|Any CPU
	EndGlobalSection
	GlobalSection(ProjectConfigurationPlatforms) = postSolution
		{FEAD499F-4C1D-4539-9BA2-B2ABE8BAFB4E}.Debug|Any CPU.ActiveCfg = Debug|Any CPU
		{FEAD499F-4C1D-4539-9BA2-B2ABE8BAFB4E}.Debug|Any CPU.Build.0 = Debug|Any CPU
		{FEAD499F-4C1D-4539-9BA2-B2ABE8BAFB4E}.Release|Any CPU.ActiveCfg = Release|Any CPU
		{FEAD499F-4C1D-4539-9BA2-B2ABE8BAFB4E}.Release|Any CPU.Build.0 = Release|Any CPU
	EndGlobalSection
	GlobalSection(SolutionProperties) = preSolution
		HideSolutionNode = FALSE
	EndGlobalSection
	GlobalSection(ExtensibilityGlobals) = postSolution
		SolutionGuid = {635D93F3-E120-48B3-82A7-10AC98FFB85E}
	EndGlobalSection
EndGlobal
